{
  "name": "lightstreamer-stocklist-client-node",
  "version": "1.0.0",
  "lockfileVersion": 3,
  "requires": true,
  "packages": {
    "": {
      "name": "lightstreamer-stocklist-client-node",
      "version": "1.0.0",
      "engines": [
        "node"
      ],
      "dependencies": {
        "lightstreamer-client-node": "^9.0.0-beta.2"
      }
    },
    "node_modules/cookiejar": {
      "version": "2.1.4",
      "resolved": "https://registry.npmjs.org/cookiejar/-/cookiejar-2.1.4.tgz",
      "integrity": "sha512-LDx6oHrK+PhzLKJU9j5S7/Y3jM/mUHvD/DeI1WQmJn652iPC5Y4TBzC9l+5OMOXlyTTA+SmVUPm0HQUwpD5Jqw=="
    },
    "node_modules/jsonpatch": {
      "version": "3.1.0",
      "resolved": "https://registry.npmjs.org/jsonpatch/-/jsonpatch-3.1.0.tgz",
      "integrity": "sha512-rJa0FepwDzebgYAuT389AtziWfn3EZA4N5e/B8d50IC1glqlZ7njo7iAI/ph5MYw2GGH7lCE6DGqBGQ7TVa06w==",
      "engines": {
        "node": ">=0.4.0"
      }
    },
    "node_modules/lightstreamer-client-node": {
      "version": "9.0.0-beta.2",
      "resolved": "https://registry.npmjs.org/lightstreamer-client-node/-/lightstreamer-client-node-9.0.0-beta.2.tgz",
      "integrity": "sha512-t1l82IbqxdvM38PMIhnqQtv5TMRTRscX9YRn5D19LAqxVTQ0+RbnmhqFjsL1VANEoSkcZTGAjpPt4lC4S8B9og==",
      "dependencies": {
        "cookiejar": "^2.1.3",
        "jsonpatch": "^3.1.0",
        "ws": "^8.5.0",
        "xmlhttprequest": "git+https://github.com/driverdan/node-XMLHttpRequest.git"
      }
    },
    "node_modules/ws": {
      "version": "8.13.0",
      "resolved": "https://registry.npmjs.org/ws/-/ws-8.13.0.tgz",
      "integrity": "sha512-x9vcZYTrFPC7aSIbj7sRCYo7L/Xb8Iy+pW0ng0wt2vCJv7M9HOMy0UoN3rr+IFC7hb7vXoqS+P9ktyLLLhO+LA==",
      "engines": {
        "node": ">=10.0.0"
      },
      "peerDependencies": {
        "bufferutil": "^4.0.1",
        "utf-8-validate": ">=5.0.2"
      },
      "peerDependenciesMeta": {
        "bufferutil": {
          "optional": true
        },
        "utf-8-validate": {
          "optional": true
        }
      }
    },
    "node_modules/xmlhttprequest": {
      "version": "1.8.0",
      "resolved": "git+ssh://git@github.com/driverdan/node-XMLHttpRequest.git#97966e4ca1c9f2cc5574d8775cbdacebfec75455",
      "license": "MIT",
      "engines": {
        "node": ">=0.4.0"
      }
    }
  }
}
